
Microsoft Visual Studio Solution File, Format Version 12.00
# Visual Studio Version 16
VisualStudioVersion = 16.0.810.4
MinimumVisualStudioVersion = 10.0.40219.1
Project("{2150E333-8FDC-42A3-9474-1A3956D46DE8}") = "src", "src", "{45B92BD6-108F-4924-8E56-37DE5055CD50}"
EndProject
Project("{2150E333-8FDC-42A3-9474-1A3956D46DE8}") = "test", "test", "{7D227A91-BDB6-4A8C-9D8E-33679B6CC284}"
EndProject
Project("{FAE04EC0-301F-11D3-BF4B-00C04F79EFBC}") = "EFCoreTutorial.WebApi", "src\EFCoreTutorial.WebApi\EFCoreTutorial.WebApi.csproj", "{F81B8D8F-3A55-4751-8F87-687A5A68A7D2}"
EndProject
Project("{FAE04EC0-301F-11D3-BF4B-00C04F79EFBC}") = "EFCoreTutorail.Data", "src\EFCoreTutorail.Data\EFCoreTutorail.Data.csproj", "{EB956665-2B80-460C-8A53-982F0B3D7F4F}"
EndProject
Project("{FAE04EC0-301F-11D3-BF4B-00C04F79EFBC}") = "EFCoreTutorial.Common", "src\EFCoreTutorial.Common\EFCoreTutorial.Common.csproj", "{586CA200-CCA5-462A-B2FE-EF7EAB260DCA}"
EndProject
Global
	GlobalSection(SolutionConfigurationPlatforms) = preSolution
		Debug|Any CPU = Debug|Any CPU
		Release|Any CPU = Release|Any CPU
	EndGlobalSection
	GlobalSection(ProjectConfigurationPlatforms) = postSolution
		{F81B8D8F-3A55-4751-8F87-687A5A68A7D2}.Debug|Any CPU.ActiveCfg = Debug|Any CPU
		{F81B8D8F-3A55-4751-8F87-687A5A68A7D2}.Debug|Any CPU.Build.0 = Debug|Any CPU
		{F81B8D8F-3A55-4751-8F87-687A5A68A7D2}.Release|Any CPU.ActiveCfg = Release|Any CPU
		{F81B8D8F-3A55-4751-8F87-687A5A68A7D2}.Release|Any CPU.Build.0 = Release|Any CPU
		{EB956665-2B80-460C-8A53-982F0B3D7F4F}.Debug|Any CPU.ActiveCfg = Debug|Any CPU
		{EB956665-2B80-460C-8A53-982F0B3D7F4F}.Debug|Any CPU.Build.0 = Debug|Any CPU
		{EB956665-2B80-460C-8A53-982F0B3D7F4F}.Release|Any CPU.ActiveCfg = Release|Any CPU
		{EB956665-2B80-460C-8A53-982F0B3D7F4F}.Release|Any CPU.Build.0 = Release|Any CPU
		{586CA200-CCA5-462A-B2FE-EF7EAB260DCA}.Debug|Any CPU.ActiveCfg = Debug|Any CPU
		{586CA200-CCA5-462A-B2FE-EF7EAB260DCA}.Debug|Any CPU.Build.0 = Debug|Any CPU
		{586CA200-CCA5-462A-B2FE-EF7EAB260DCA}.Release|Any CPU.ActiveCfg = Release|Any CPU
		{586CA200-CCA5-462A-B2FE-EF7EAB260DCA}.Release|Any CPU.Build.0 = Release|Any CPU
	EndGlobalSection
	GlobalSection(SolutionProperties) = preSolution
		HideSolutionNode = FALSE
	EndGlobalSection
	GlobalSection(ExtensibilityGlobals) = postSolution
		SolutionGuid = {ED90E1BE-AF94-4BE9-9FFC-48CD948018A4}
	EndGlobalSection
	GlobalSection(NestedProjects) = preSolution
		{F81B8D8F-3A55-4751-8F87-687A5A68A7D2} = {45B92BD6-108F-4924-8E56-37DE5055CD50}
		{EB956665-2B80-460C-8A53-982F0B3D7F4F} = {45B92BD6-108F-4924-8E56-37DE5055CD50}
		{586CA200-CCA5-462A-B2FE-EF7EAB260DCA} = {45B92BD6-108F-4924-8E56-37DE5055CD50}
	EndGlobalSection
EndGlobal
